lockfileVersion: '9.0'

settings:
  autoInstallPeers: true
  excludeLinksFromLockfile: false

importers:

  .:
    devDependencies:
      prettier:
        specifier: ^3.5.3
        version: 3.8.5
      turbo:
        specifier: ^2.5.4
        version: 2.10.0
      typescript:
        specifier: ^5.8.3
        version: 5.9.3

  packages/shared:
    dependencies:
      zod:
        specifier: ^3.25.67
        version: 3.25.76
    devDependencies:
      typescript:
        specifier: ^5.8.3
        version: 5.9.3

packages:

  '@turbo/darwin-64@2.10.0':
    resolution: {integrity: sha512-EwvHThXzpY0KGd1/NAmuewI5D+aVa3Rl/OlxE36yfjUKb/+ySrfJrSlEFt8aD1OXwnnaHnQnPKHFndor0Zxlsg==}
    cpu: [x64]
    os: [darwin]

  '@turbo/darwin-arm64@2.10.0':
    resolution: {integrity: sha512-9d2fTyyG0lf5Wq1bwJA9qUaeecViMkLcdctWaMMmCkxZ/JqypmqOwK3W6vmejeKVgkr06gSoiX8bD+xN5Jpxcg==}
    cpu: [arm64]
    os: [darwin]

  '@turbo/linux-64@2.10.0':
    resolution: {integrity: sha512-sZBtjMuufitanjzi6UssoUpJMnnPlLMcdcJj3m3ptNsSq31Xh7MnjhwA5nWvLDTfEFg8GPcbYFXMo8vSdKRfqQ==}
    cpu: [x64]
    os: [linux]

  '@turbo/linux-arm64@2.10.0':
    resolution: {integrity: sha512-vkq/Z8R+1DQ+kifWFa810IjRy2NNBVvha3cg9sWA3nFh6nnGrHSMnnJKrzH7c/No9kq4Jb55Ru44YKsCSBgrKg==}
    cpu: [arm64]
    os: [linux]

  '@turbo/windows-64@2.10.0':
    resolution: {integrity: sha512-CRUEguLWxFQHptYZS7HjPhNhAFawfea07iR+xAQ5e4klgLrPCMdexBkXwSCwOxqTFknJ7RZFN3gOaADsw+Gttg==}
    cpu: [x64]
    os: [win32]

  '@turbo/windows-arm64@2.10.0':
    resolution: {integrity: sha512-dVHGaf9F8twzgibcBqKoADT/LLqf9++jDb+hq/LPWWaOmRpp4M+/pVOm7vy4z9D++xg8eaxWLT0+wQxFwhYu9A==}
    cpu: [arm64]
    os: [win32]

  prettier@3.8.5:
    resolution: {integrity: sha512-zxcTTCedNGJM4R8sj/Cq/F0W/c4iE0afWBcBwMTRtw4WHYP9TWkYjdiH3npPRUYsXQCPR0hTU9yjovOu+E6EQA==}
    engines: {node: '>=14'}
    hasBin: true

  turbo@2.10.0:
    resolution: {integrity: sha512-o016H9PPtuH2deb3mh3Vci3Avfi9UYgM/RONQisY7HnloupP0IFSbFS3gFYJgFJP8nwBrByHWFQIDa8T2zIXPw==}
    hasBin: true

  typescript@5.9.3:
    resolution: {integrity: sha512-jl1vZzPDinLr9eUt3J/t7V6FgNEw9QjvBPdysz9KfQDD41fQrC2Y4vKQdiaUpFT4bXlb1RHhLpp8wtm6M5TgSw==}
    engines: {node: '>=14.17'}
    hasBin: true

  zod@3.25.76:
    resolution: {integrity: sha512-gzUt/qt81nXsFGKIFcC3YnfEAx5NkunCfnDlvuBSSFS02bcXu4Lmea0AFIUwbLWxWPx3d9p8S5QoaujKcNQxcQ==}

snapshots:

  '@turbo/darwin-64@2.10.0':
    optional: true

  '@turbo/darwin-arm64@2.10.0':
    optional: true

  '@turbo/linux-64@2.10.0':
    optional: true

  '@turbo/linux-arm64@2.10.0':
    optional: true

  '@turbo/windows-64@2.10.0':
    optional: true

  '@turbo/windows-arm64@2.10.0':
    optional: true

  prettier@3.8.5: {}

  turbo@2.10.0:
    optionalDependencies:
      '@turbo/darwin-64': 2.10.0
      '@turbo/darwin-arm64': 2.10.0
      '@turbo/linux-64': 2.10.0
      '@turbo/linux-arm64': 2.10.0
      '@turbo/windows-64': 2.10.0
      '@turbo/windows-arm64': 2.10.0

  typescript@5.9.3: {}

  zod@3.25.76: {}
